
Microsoft Visual Studio Solution File, Format Version 12.00
# Visual Studio Version 17
VisualStudioVersion = 17.4.33205.214
MinimumVisualStudioVersion = 10.0.40219.1
Project("{FAE04EC0-301F-11D3-BF4B-00C04F79EFBC}") = "BulkyBookWeb", "BulkyBookWeb\BulkyBookWeb.csproj", "{31861957-3ACE-43A9-B818-FD9029B0E98F}"
EndProject
Global
	GlobalSection(SolutionConfigurationPlatforms) = preSolution
		Debug|Any CPU = Debug|Any CPU
		Release|Any CPU = Release|Any CPU
	EndGlobalSection
	GlobalSection(ProjectConfigurationPlatforms) = postSolution
		{31861957-3ACE-43A9-B818-FD9029B0E98F}.Debug|Any CPU.ActiveCfg = Debug|Any CPU
		{31861957-3ACE-43A9-B818-FD9029B0E98F}.Debug|Any CPU.Build.0 = Debug|Any CPU
		{31861957-3ACE-43A9-B818-FD9029B0E98F}.Release|Any CPU.ActiveCfg = Release|Any CPU
		{31861957-3ACE-43A9-B818-FD9029B0E98F}.Release|Any CPU.Build.0 = Release|Any CPU
	EndGlobalSection
	GlobalSection(SolutionProperties) = preSolution
		HideSolutionNode = FALSE
	EndGlobalSection
	GlobalSection(ExtensibilityGlobals) = postSolution
		SolutionGuid = {36EAA832-9AE3-4EB7-9EEB-AF0721347A11}
	EndGlobalSection
EndGlobal
